
Microsoft Visual Studio Solution File, Format Version 12.00
# Blend for Visual Studio 15
VisualStudioVersion = 15.0.27130.2036
MinimumVisualStudioVersion = 10.0.40219.1
Project("{FAE04EC0-301F-11D3-BF4B-00C04F79EFBC}") = "Quiz", "Quiz\Quiz.csproj", "{149C7715-99D2-43C2-939C-8B92945D8D9A}"
EndProject
Global
	GlobalSection(SolutionConfigurationPlatforms) = preSolution
		Debug|Any CPU = Debug|Any CPU
		Release|Any CPU = Release|Any CPU
	EndGlobalSection
	GlobalSection(ProjectConfigurationPlatforms) = postSolution
		{149C7715-99D2-43C2-939C-8B92945D8D9A}.Debug|Any CPU.ActiveCfg = Debug|Any CPU
		{149C7715-99D2-43C2-939C-8B92945D8D9A}.Debug|Any CPU.Build.0 = Debug|Any CPU
		{149C7715-99D2-43C2-939C-8B92945D8D9A}.Release|Any CPU.ActiveCfg = Release|Any CPU
		{149C7715-99D2-43C2-939C-8B92945D8D9A}.Release|Any CPU.Build.0 = Release|Any CPU
	EndGlobalSection
	GlobalSection(SolutionProperties) = preSolution
		HideSolutionNode = FALSE
	EndGlobalSection
	GlobalSection(ExtensibilityGlobals) = postSolution
		SolutionGuid = {85FFE7F4-B0B7-41F1-807F-CE26A4DA78C0}
	EndGlobalSection
EndGlobal
